
Microsoft Visual Studio Solution File, Format Version 12.00
# Visual Studio Version 17
VisualStudioVersion = 17.13.35825.156 d17.13
MinimumVisualStudioVersion = 10.0.40219.1
Project("{FAE04EC0-301F-11D3-BF4B-00C04F79EFBC}") = "server", "server.csproj", "{D750BA27-91F6-453A-946E-EBA68553D40A}"
EndProject
Global
	GlobalSection(SolutionConfigurationPlatforms) = preSolution
		Debug|Any CPU = Debug|Any CPU
		Release|Any CPU = Release|Any CPU
	EndGlobalSection
	GlobalSection(ProjectConfigurationPlatforms) = postSolution
		{D750BA27-91F6-453A-946E-EBA68553D40A}.Debug|Any CPU.ActiveCfg = Debug|Any CPU
		{D750BA27-91F6-453A-946E-EBA68553D40A}.Debug|Any CPU.Build.0 = Debug|Any CPU
		{D750BA27-91F6-453A-946E-EBA68553D40A}.Release|Any CPU.ActiveCfg = Release|Any CPU
		{D750BA27-91F6-453A-946E-EBA68553D40A}.Release|Any CPU.Build.0 = Release|Any CPU
	EndGlobalSection
	GlobalSection(SolutionProperties) = preSolution
		HideSolutionNode = FALSE
	EndGlobalSection
	GlobalSection(ExtensibilityGlobals) = postSolution
		SolutionGuid = {4A70F2A0-3EB7-4E05-9474-874EA85808E0}
	EndGlobalSection
EndGlobal
